
Microsoft Visual Studio Solution File, Format Version 12.00
# Visual Studio 14
VisualStudioVersion = 14.0.24720.0
MinimumVisualStudioVersion = 10.0.40219.1
Project("{FAE04EC0-301F-11D3-BF4B-00C04F79EFBC}") = "NLT", "NLT\NLT.csproj", "{67AC2C0D-268B-4F85-9A35-D4B3D2753C80}"
EndProject
Project("{FAE04EC0-301F-11D3-BF4B-00C04F79EFBC}") = "NLT.Test", "NLT.Test\NLT.Test.csproj", "{0091DD9D-6E60-4286-9F7E-D61E339E8458}"
EndProject
Global
	GlobalSection(SolutionConfigurationPlatforms) = preSolution
		Debug|Any CPU = Debug|Any CPU
		Release|Any CPU = Release|Any CPU
	EndGlobalSection
	GlobalSection(ProjectConfigurationPlatforms) = postSolution
		{67AC2C0D-268B-4F85-9A35-D4B3D2753C80}.Debug|Any CPU.ActiveCfg = Debug|Any CPU
		{67AC2C0D-268B-4F85-9A35-D4B3D2753C80}.Debug|Any CPU.Build.0 = Debug|Any CPU
		{67AC2C0D-268B-4F85-9A35-D4B3D2753C80}.Release|Any CPU.ActiveCfg = Release|Any CPU
		{67AC2C0D-268B-4F85-9A35-D4B3D2753C80}.Release|Any CPU.Build.0 = Release|Any CPU
		{0091DD9D-6E60-4286-9F7E-D61E339E8458}.Debug|Any CPU.ActiveCfg = Debug|Any CPU
		{0091DD9D-6E60-4286-9F7E-D61E339E8458}.Debug|Any CPU.Build.0 = Debug|Any CPU
		{0091DD9D-6E60-4286-9F7E-D61E339E8458}.Release|Any CPU.ActiveCfg = Release|Any CPU
		{0091DD9D-6E60-4286-9F7E-D61E339E8458}.Release|Any CPU.Build.0 = Release|Any CPU
	EndGlobalSection
	GlobalSection(SolutionProperties) = preSolution
		HideSolutionNode = FALSE
	EndGlobalSection
EndGlobal
